<?xml version="1.0" encoding="utf-8"?>
<Project ToolsVersion="4.0" xmlns="http://schemas.microsoft.com/developer/msbuild/2003">
  <ItemGroup>
    <Filter Include="リソース ファイル">
      <UniqueIdentifier>{67DA6AB6-F800-4c08-8B7A-83BB121AAD01}</UniqueIdentifier>
      <Extensions>rc;ico;cur;bmp;dlg;rc2;rct;bin;rgs;gif;jpg;jpeg;jpe;resx;tiff;tif;png;wav;mfcribbon-ms</Extensions>
    </Filter>
    <Filter Include="Source">
      <UniqueIdentifier>{bfa200a4-6578-484d-afa2-2599499b6de7}</UniqueIdentifier>
    </Filter>
    <Filter Include="Source\Input">
      <UniqueIdentifier>{17f94250-8395-42ca-8162-50c3f0ed7481}</UniqueIdentifier>
    </Filter>
    <Filter Include="Source\Math">
      <UniqueIdentifier>{cc0a8951-a9a5-490e-ad64-057b09eb414e}</UniqueIdentifier>
    </Filter>
    <Filter Include="Source\Texture">
      <UniqueIdentifier>{b8f60d1b-8954-4f4a-b78f-935c44a4c271}</UniqueIdentifier>
    </Filter>
    <Filter Include="Source\Texture\WICTextureLoader">
      <UniqueIdentifier>{a530fa36-7667-45e8-9467-350796990db4}</UniqueIdentifier>
    </Filter>
    <Filter Include="Source\Model">
      <UniqueIdentifier>{d3f3359c-2cfd-49fe-b642-10848e4ad3d8}</UniqueIdentifier>
    </Filter>
    <Filter Include="Source\Animation">
      <UniqueIdentifier>{2fd1bed0-dd38-4d1d-afe1-0a4a5e0299e4}</UniqueIdentifier>
    </Filter>
  </ItemGroup>
  <ItemGroup>
    <ClCompile Include="Source\Input\Keyboard.cpp">
      <Filter>Source\Input</Filter>
    </ClCompile>
    <ClCompile Include="Source\Input\Mouse.cpp">
      <Filter>Source\Input</Filter>
    </ClCompile>
    <ClCompile Include="Source\Input\GamePad.cpp">
      <Filter>Source\Input</Filter>
    </ClCompile>
    <ClCompile Include="Source\Math\Math_Common.cpp">
      <Filter>Source\Math</Filter>
    </ClCompile>
    <ClCompile Include="Source\Math\Math_Quaternion.cpp">
      <Filter>Source\Math</Filter>
    </ClCompile>
    <ClCompile Include="Source\Math\Math_Vector2.cpp">
      <Filter>Source\Math</Filter>
    </ClCompile>
    <ClCompile Include="Source\Math\Math_Vector3.cpp">
      <Filter>Source\Math</Filter>
    </ClCompile>
    <ClCompile Include="Source\Math\Math_Vector4.cpp">
      <Filter>Source\Math</Filter>
    </ClCompile>
    <ClCompile Include="Source\Model\InstancingDataManager.cpp">
      <Filter>Source\Model</Filter>
    </ClCompile>
    <ClCompile Include="Source\Model\Model.cpp">
      <Filter>Source\Model</Filter>
    </ClCompile>
    <ClCompile Include="Source\Model\ModelData.cpp">
      <Filter>Source\Model</Filter>
    </ClCompile>
    <ClCompile Include="Source\Model\ModelDataManager.cpp">
      <Filter>Source\Model</Filter>
    </ClCompile>
    <ClCompile Include="Source\Model\ModelLoader.cpp">
      <Filter>Source\Model</Filter>
    </ClCompile>
    <ClCompile Include="Source\Texture\WICTextureLoader\WICTextureLoader12.cpp">
      <Filter>Source\Texture\WICTextureLoader</Filter>
    </ClCompile>
    <ClCompile Include="Source\Texture\Texture.cpp">
      <Filter>Source\Texture</Filter>
    </ClCompile>
    <ClCompile Include="Source\Texture\TextureLoader.cpp">
      <Filter>Source\Texture</Filter>
    </ClCompile>
    <ClCompile Include="Source\Texture\TextureManager.cpp">
      <Filter>Source\Texture</Filter>
    </ClCompile>
    <ClCompile Include="Source\Application.cpp">
      <Filter>Source</Filter>
    </ClCompile>
    <ClCompile Include="Source\CommandAllocator.cpp">
      <Filter>Source</Filter>
    </ClCompile>
    <ClCompile Include="Source\CommandQueue.cpp">
      <Filter>Source</Filter>
    </ClCompile>
    <ClCompile Include="Source\ConstantBuffer.cpp">
      <Filter>Source</Filter>
    </ClCompile>
    <ClCompile Include="Source\ConvertString.cpp">
      <Filter>Source</Filter>
    </ClCompile>
    <ClCompile Include="Source\DepthBuffer.cpp">
      <Filter>Source</Filter>
    </ClCompile>
    <ClCompile Include="Source\DescriptorHeap.cpp">
      <Filter>Source</Filter>
    </ClCompile>
    <ClCompile Include="Source\Device.cpp">
      <Filter>Source</Filter>
    </ClCompile>
    <ClCompile Include="Source\GraphicsCommandList.cpp">
      <Filter>Source</Filter>
    </ClCompile>
    <ClCompile Include="Source\IndexBuffer.cpp">
      <Filter>Source</Filter>
    </ClCompile>
    <ClCompile Include="Source\InstanceBuffer.cpp">
      <Filter>Source</Filter>
    </ClCompile>
    <ClCompile Include="Source\main.cpp">
      <Filter>Source</Filter>
    </ClCompile>
    <ClCompile Include="Source\MathConvert.cpp">
      <Filter>Source</Filter>
    </ClCompile>
    <ClCompile Include="Source\RenderTarget.cpp">
      <Filter>Source</Filter>
    </ClCompile>
    <ClCompile Include="Source\RootSignature.cpp">
      <Filter>Source</Filter>
    </ClCompile>
    <ClCompile Include="Source\Sampler.cpp">
      <Filter>Source</Filter>
    </ClCompile>
    <ClCompile Include="Source\Shader.cpp">
      <Filter>Source</Filter>
    </ClCompile>
    <ClCompile Include="Source\SwapChain.cpp">
      <Filter>Source</Filter>
    </ClCompile>
    <ClCompile Include="Source\VertexBuffer.cpp">
      <Filter>Source</Filter>
    </ClCompile>
    <ClCompile Include="Source\Window.cpp">
      <Filter>Source</Filter>
    </ClCompile>
    <ClCompile Include="Source\Math\Math_Matrix4x3.cpp" />
    <ClCompile Include="Source\Math\Math_Matrix4x4.cpp">
      <Filter>Source\Math</Filter>
    </ClCompile>
    <ClCompile Include="Source\PipelineStateObject.cpp" />
    <ClCompile Include="Source\Debug\DebugLayer.cpp">
      <Filter>Source</Filter>
    </ClCompile>
    <ClCompile Include="Source\Model\PMD\PMDLoader.cpp">
      <Filter>Source\Model</Filter>
    </ClCompile>
    <ClCompile Include="Source\Model\PMD\PMDModelData.cpp">
      <Filter>Source\Model</Filter>
    </ClCompile>
    <ClCompile Include="Source\Model\PMX\PMXLoader.cpp">
      <Filter>Source\Model</Filter>
    </ClCompile>
    <ClCompile Include="Source\Model\PMX\PMXModelData.cpp">
      <Filter>Source\Model</Filter>
    </ClCompile>
    <ClCompile Include="Source\Camera\Camera.cpp" />
    <ClCompile Include="Source\Motion\Bone.cpp">
      <Filter>Source</Filter>
    </ClCompile>
    <ClCompile Include="Source\Motion\Animation.cpp">
      <Filter>Source</Filter>
    </ClCompile>
    <ClCompile Include="Source\Motion\VMDData.cpp">
      <Filter>Source</Filter>
    </ClCompile>
    <ClCompile Include="Source\Motion\VMDLoader.cpp">
      <Filter>Source</Filter>
    </ClCompile>
    <ClCompile Include="Source\Motion\Pose.cpp">
      <Filter>Source</Filter>
    </ClCompile>
    <ClCompile Include="Source\Camera\Dx12Camera.cpp" />
    <ClCompile Include="Source\Math\XMMath.cpp" />
  </ItemGroup>
  <ItemGroup>
    <ClInclude Include="Source\Input\Keyboard.h">
      <Filter>Source\Input</Filter>
    </ClInclude>
    <ClInclude Include="Source\Input\Mouse.h">
      <Filter>Source\Input</Filter>
    </ClInclude>
    <ClInclude Include="Source\Input\GamePad.h">
      <Filter>Source\Input</Filter>
    </ClInclude>
    <ClInclude Include="Source\Math\Math.h">
      <Filter>Source\Math</Filter>
    </ClInclude>
    <ClInclude Include="Source\Model\InstancingDataManager.h">
      <Filter>Source\Model</Filter>
    </ClInclude>
    <ClInclude Include="Source\Model\Model.h">
      <Filter>Source\Model</Filter>
    </ClInclude>
    <ClInclude Include="Source\Model\ModelData.h">
      <Filter>Source\Model</Filter>
    </ClInclude>
    <ClInclude Include="Source\Model\ModelDataManager.h">
      <Filter>Source\Model</Filter>
    </ClInclude>
    <ClInclude Include="Source\Model\ModelLoader.h">
      <Filter>Source\Model</Filter>
    </ClInclude>
    <ClInclude Include="Source\Texture\WICTextureLoader\WICTextureLoader12.h">
      <Filter>Source\Texture\WICTextureLoader</Filter>
    </ClInclude>
    <ClInclude Include="Source\Texture\Texture.h">
      <Filter>Source\Texture</Filter>
    </ClInclude>
    <ClInclude Include="Source\Texture\TextureLoader.h">
      <Filter>Source\Texture</Filter>
    </ClInclude>
    <ClInclude Include="Source\Texture\TextureManager.h">
      <Filter>Source\Texture</Filter>
    </ClInclude>
    <ClInclude Include="Source\Application.h">
      <Filter>Source</Filter>
    </ClInclude>
    <ClInclude Include="Source\CommandAllocator.h">
      <Filter>Source</Filter>
    </ClInclude>
    <ClInclude Include="Source\CommandQueue.h">
      <Filter>Source</Filter>
    </ClInclude>
    <ClInclude Include="Source\ConstantBuffer.h">
      <Filter>Source</Filter>
    </ClInclude>
    <ClInclude Include="Source\ConvertString.h">
      <Filter>Source</Filter>
    </ClInclude>
    <ClInclude Include="Source\DepthBuffer.h">
      <Filter>Source</Filter>
    </ClInclude>
    <ClInclude Include="Source\DescriptorHeap.h">
      <Filter>Source</Filter>
    </ClInclude>
    <ClInclude Include="Source\Device.h">
      <Filter>Source</Filter>
    </ClInclude>
    <ClInclude Include="Source\GraphicsCommandList.h">
      <Filter>Source</Filter>
    </ClInclude>
    <ClInclude Include="Source\IndexBuffer.h">
      <Filter>Source</Filter>
    </ClInclude>
    <ClInclude Include="Source\InstanceBuffer.h">
      <Filter>Source</Filter>
    </ClInclude>
    <ClInclude Include="Source\MathConvert.h">
      <Filter>Source</Filter>
    </ClInclude>
    <ClInclude Include="Source\RenderState.h">
      <Filter>Source</Filter>
    </ClInclude>
    <ClInclude Include="Source\RenderTarget.h">
      <Filter>Source</Filter>
    </ClInclude>
    <ClInclude Include="Source\RootSignature.h">
      <Filter>Source</Filter>
    </ClInclude>
    <ClInclude Include="Source\Sampler.h">
      <Filter>Source</Filter>
    </ClInclude>
    <ClInclude Include="Source\Shader.h">
      <Filter>Source</Filter>
    </ClInclude>
    <ClInclude Include="Source\SwapChain.h">
      <Filter>Source</Filter>
    </ClInclude>
    <ClInclude Include="Source\VertexBuffer.h">
      <Filter>Source</Filter>
    </ClInclude>
    <ClInclude Include="Source\Window.h">
      <Filter>Source</Filter>
    </ClInclude>
    <ClInclude Include="Source\PipelineStateObject.h" />
    <ClInclude Include="Source\Debug\DebugLayer.h">
      <Filter>Source</Filter>
    </ClInclude>
    <ClInclude Include="Source\Model\PMD\PMDLoader.h">
      <Filter>Source\Model</Filter>
    </ClInclude>
    <ClInclude Include="Source\Model\PMD\PMDModelData.h">
      <Filter>Source\Model</Filter>
    </ClInclude>
    <ClInclude Include="Source\Model\PMX\PMXLoader.h">
      <Filter>Source\Model</Filter>
    </ClInclude>
    <ClInclude Include="Source\Model\PMX\PMXModelData.h">
      <Filter>Source\Model</Filter>
    </ClInclude>
    <ClInclude Include="Source\Model\PMX\PMXModelDataInfo.h">
      <Filter>Source</Filter>
    </ClInclude>
    <ClInclude Include="Source\Camera\Camera.h" />
    <ClInclude Include="Source\Motion\Bone.h">
      <Filter>Source</Filter>
    </ClInclude>
    <ClInclude Include="Source\Motion\Animation.h">
      <Filter>Source</Filter>
    </ClInclude>
    <ClInclude Include="Source\Motion\VMDData.h">
      <Filter>Source</Filter>
    </ClInclude>
    <ClInclude Include="Source\Motion\VMDLoader.h">
      <Filter>Source</Filter>
    </ClInclude>
    <ClInclude Include="Source\Motion\Pose.h">
      <Filter>Source</Filter>
    </ClInclude>
    <ClInclude Include="Source\Camera\Dx12Camera.h" />
    <ClInclude Include="Source\Math\XMMath.h" />
  </ItemGroup>
  <ItemGroup>
    <FxCompile Include="Resource\Shader\PMDModelShader.hlsl" />
    <FxCompile Include="Resource\Shader\PMXModelShader.hlsl" />
    <FxCompile Include="Resource\Shader\3DPrimitiveShader.hlsl" />
  </ItemGroup>
</Project>